
Microsoft Visual Studio Solution File, Format Version 12.00
# Visual Studio Version 17
VisualStudioVersion = 17.8.34227.203
MinimumVisualStudioVersion = 10.0.40219.1
Project("{FAE04EC0-301F-11D3-BF4B-00C04F79EFBC}") = "ImageDirectory", "ImageDirectory.csproj", "{09BA36CB-FDA7-485F-8A45-4EF795D17A17}"
EndProject
Global
	GlobalSection(SolutionConfigurationPlatforms) = preSolution
		Debug|Any CPU = Debug|Any CPU
		Release|Any CPU = Release|Any CPU
	EndGlobalSection
	GlobalSection(ProjectConfigurationPlatforms) = postSolution
		{09BA36CB-FDA7-485F-8A45-4EF795D17A17}.Debug|Any CPU.ActiveCfg = Debug|Any CPU
		{09BA36CB-FDA7-485F-8A45-4EF795D17A17}.Debug|Any CPU.Build.0 = Debug|Any CPU
		{09BA36CB-FDA7-485F-8A45-4EF795D17A17}.Release|Any CPU.ActiveCfg = Release|Any CPU
		{09BA36CB-FDA7-485F-8A45-4EF795D17A17}.Release|Any CPU.Build.0 = Release|Any CPU
	EndGlobalSection
	GlobalSection(SolutionProperties) = preSolution
		HideSolutionNode = FALSE
	EndGlobalSection
	GlobalSection(ExtensibilityGlobals) = postSolution
		SolutionGuid = {F8E18724-9806-430E-8514-45A78CDBD24A}
	EndGlobalSection
EndGlobal
